PODS:
  - ADHome (4):
    - ADMediatorCategory
    - ADNetworking
  - ADMediator (2)
  - ADMediatorCategory (4):
    - ADMediator
  - ADMine (3):
    - ADNetworking
  - ADNetworking (3):
    - AFNetworking
  - AFNetworking (3.1.0):
    - AFNetworking/NSURLSession (= 3.1.0)
    - AFNetworking/Reachability (= 3.1.0)
    - AFNetworking/Security (= 3.1.0)
    - AFNetworking/Serialization (= 3.1.0)
    - AFNetworking/UIKit (= 3.1.0)
  - AFNetworking/NSURLSession (3.1.0):
    - AFNetworking/Reachability
    - AFNetworking/Security
    - AFNetworking/Serialization
  - AFNetworking/Reachability (3.1.0)
  - AFNetworking/Security (3.1.0)
  - AFNetworking/Serialization (3.1.0)
  - AFNetworking/UIKit (3.1.0):
    - AFNetworking/NSURLSession

DEPENDENCIES:
  - ADHome (= 4)
  - ADMine (= 3)

SPEC CHECKSUMS:
  ADHome: 145c4a2e922aae50544c7db97c062c7123441cd9
  ADMediator: 022e97e3d922a96e285666449487899e6df1ebc3
  ADMediatorCategory: 664eeaebd21bf0bb2677ec8d4746eca5a2cbdead
  ADMine: 04d7ab4c8f5dd1d2980f5644859e5b6735bca01f
  ADNetworking: 76f7058e86a86b209b322367f29a3212cba043fd
  AFNetworking: 5e0e199f73d8626b11e79750991f5d173d1f8b67

PODFILE CHECKSUM: e2110b90d1303ba11377a497cacda55451676800

COCOAPODS: 1.4.0.rc.1
