PODS:
  - ADHome (5):
    - ADMediatorCategory
    - ADNetworking
  - ADMediator (2)
  - ADMediatorCategory (5):
    - ADMediator
  - ADMine (4):
    - ADNetworking
  - ADNetworking (3):
    - AFNetworking
  - AFNetworking (3.1.0):
    - AFNetworking/NSURLSession (= 3.1.0)
    - AFNetworking/Reachability (= 3.1.0)
    - AFNetworking/Security (= 3.1.0)
    - AFNetworking/Serialization (= 3.1.0)
    - AFNetworking/UIKit (= 3.1.0)
  - AFNetworking/NSURLSession (3.1.0):
    - AFNetworking/Reachability
    - AFNetworking/Security
    - AFNetworking/Serialization
  - AFNetworking/Reachability (3.1.0)
  - AFNetworking/Security (3.1.0)
  - AFNetworking/Serialization (3.1.0)
  - AFNetworking/UIKit (3.1.0):
    - AFNetworking/NSURLSession

DEPENDENCIES:
  - ADHome (from `https://github.com/ADModulization/ADHome.git`)
  - ADMine (from `https://github.com/ADModulization/ADMine.git`)

EXTERNAL SOURCES:
  ADHome:
    :git: https://github.com/ADModulization/ADHome.git
  ADMine:
    :git: https://github.com/ADModulization/ADMine.git

CHECKOUT OPTIONS:
  ADHome:
    :commit: 4c14803e40f9476c447ffc2bb0393db66725559e
    :git: https://github.com/ADModulization/ADHome.git
  ADMine:
    :commit: 4aed023b9fb321dc3be3e7970d1237aa7fab365d
    :git: https://github.com/ADModulization/ADMine.git

SPEC CHECKSUMS:
  ADHome: 491c73cb6414787be9fa47f1923b6f88f2bf4e3f
  ADMediator: 022e97e3d922a96e285666449487899e6df1ebc3
  ADMediatorCategory: e866d11fee8c533ac30dde1b9051134f695519b9
  ADMine: 552d801306e075bd4b178fdf12cf72b9c54ddc75
  ADNetworking: 76f7058e86a86b209b322367f29a3212cba043fd
  AFNetworking: 5e0e199f73d8626b11e79750991f5d173d1f8b67

PODFILE CHECKSUM: 329d3f0db653913797ecbfcaffc82597205864ec

COCOAPODS: 1.4.0.rc.1
